
Microsoft Visual Studio Solution File, Format Version 12.00
# Visual Studio 2013
VisualStudioVersion = 12.0.31101.0
MinimumVisualStudioVersion = 10.0.40219.1
Project("{FAE04EC0-301F-11D3-BF4B-00C04F79EFBC}") = "Foxconn.Dal", "Foxconn.Dal\Foxconn.Dal.csproj", "{0155CF53-BACC-472B-ADDF-B2342F61D357}"
EndProject
Project("{FAE04EC0-301F-11D3-BF4B-00C04F79EFBC}") = "Foxconn.Bo", "Foxconn.Bo\Foxconn.Bo.csproj", "{1A9D1DAD-D2DA-4860-A1E2-F145EE31BB8B}"
EndProject
Project("{FAE04EC0-301F-11D3-BF4B-00C04F79EFBC}") = "Foxconn.Wcf", "Foxconn.Wcf\Foxconn.Wcf.csproj", "{BE17DDBC-F587-41BF-9EAA-52B9A8F7DBF6}"
EndProject
Project("{FAE04EC0-301F-11D3-BF4B-00C04F79EFBC}") = "Foxconn.Wcf.Client", "Foxconn.Wcf.Client\Foxconn.Wcf.Client.csproj", "{40115610-3A44-4585-AE13-D56E3C0274B7}"
	ProjectSection(ProjectDependencies) = postProject
		{BE17DDBC-F587-41BF-9EAA-52B9A8F7DBF6} = {BE17DDBC-F587-41BF-9EAA-52B9A8F7DBF6}
	EndProjectSection
EndProject
Global
	GlobalSection(SolutionConfigurationPlatforms) = preSolution
		Debug|Any CPU = Debug|Any CPU
		Release|Any CPU = Release|Any CPU
	EndGlobalSection
	GlobalSection(ProjectConfigurationPlatforms) = postSolution
		{0155CF53-BACC-472B-ADDF-B2342F61D357}.Debug|Any CPU.ActiveCfg = Debug|Any CPU
		{0155CF53-BACC-472B-ADDF-B2342F61D357}.Debug|Any CPU.Build.0 = Debug|Any CPU
		{0155CF53-BACC-472B-ADDF-B2342F61D357}.Release|Any CPU.ActiveCfg = Release|Any CPU
		{0155CF53-BACC-472B-ADDF-B2342F61D357}.Release|Any CPU.Build.0 = Release|Any CPU
		{1A9D1DAD-D2DA-4860-A1E2-F145EE31BB8B}.Debug|Any CPU.ActiveCfg = Debug|Any CPU
		{1A9D1DAD-D2DA-4860-A1E2-F145EE31BB8B}.Debug|Any CPU.Build.0 = Debug|Any CPU
		{1A9D1DAD-D2DA-4860-A1E2-F145EE31BB8B}.Release|Any CPU.ActiveCfg = Release|Any CPU
		{1A9D1DAD-D2DA-4860-A1E2-F145EE31BB8B}.Release|Any CPU.Build.0 = Release|Any CPU
		{BE17DDBC-F587-41BF-9EAA-52B9A8F7DBF6}.Debug|Any CPU.ActiveCfg = Debug|Any CPU
		{BE17DDBC-F587-41BF-9EAA-52B9A8F7DBF6}.Debug|Any CPU.Build.0 = Debug|Any CPU
		{BE17DDBC-F587-41BF-9EAA-52B9A8F7DBF6}.Release|Any CPU.ActiveCfg = Release|Any CPU
		{BE17DDBC-F587-41BF-9EAA-52B9A8F7DBF6}.Release|Any CPU.Build.0 = Release|Any CPU
		{40115610-3A44-4585-AE13-D56E3C0274B7}.Debug|Any CPU.ActiveCfg = Debug|Any CPU
		{40115610-3A44-4585-AE13-D56E3C0274B7}.Debug|Any CPU.Build.0 = Debug|Any CPU
		{40115610-3A44-4585-AE13-D56E3C0274B7}.Release|Any CPU.ActiveCfg = Release|Any CPU
		{40115610-3A44-4585-AE13-D56E3C0274B7}.Release|Any CPU.Build.0 = Release|Any CPU
	EndGlobalSection
	GlobalSection(SolutionProperties) = preSolution
		HideSolutionNode = FALSE
	EndGlobalSection
EndGlobal
